# This file is automatically @generated by Cargo.
# It is not intended for manual editing.
version = 4

[[package]]
name = "gcp-log"
version = "0.1.0"
dependencies = [
 "log-entry",
]

[[package]]
name = "gcp-structured-logging"
version = "0.1.0"
dependencies = [
 "log-entry",
]

[[package]]
name = "log-entry"
version = "0.1.0"
